# This is a Gradle generated file for dependency locking.
# Manual edits can break the build and are not advised.
# This file is expected to be part of source control.
# To regenerate this file, run: ./gradlew :tavall-database-qdrant:dependencies --write-locks
com.fasterxml.jackson.core:jackson-annotations:2.18.3=compileClasspath
com.fasterxml.jackson.core:jackson-core:2.18.3=compileClasspath
com.fasterxml.jackson.core:jackson-databind:2.18.3=compileClasspath
org.tavall:tavall-logging:1.0.0=compileClasspath
empty=annotationProcessor
